{
  "version": 4,
  "terraform_version": "0.12.19",
  "serial": 10,
  "lineage": "cfa3bc17-75eb-ee9f-1bb4-53fe950feb4e",
  "outputs": {
    "storage-bucket_url": {
      "value": "gs://storage-bucket-986808",
      "type": "string"
    }
  },
  "resources": [
    {
      "module": "module.storage-bucket",
      "mode": "managed",
      "type": "google_storage_bucket",
      "name": "default",
      "each": "list",
      "provider": "provider.google",
      "instances": [
        {
          "index_key": 0,
          "schema_version": 0,
          "attributes": {
            "bucket_policy_only": false,
            "cors": [],
            "encryption": [
              {
                "default_kms_key_name": ""
              }
            ],
            "force_destroy": true,
            "id": "storage-bucket-986808",
            "labels": {
              "attributes": "",
              "environment": "",
              "name": "storage-bucket-986808",
              "namespace": "",
              "stage": ""
            },
            "lifecycle_rule": [
              {
                "action": [
                  {
                    "storage_class": "NEARLINE",
                    "type": "SetStorageClass"
                  }
                ],
                "condition": [
                  {
                    "age": 60,
                    "created_before": "",
                    "is_live": false,
                    "matches_storage_class": [
                      "REGIONAL"
                    ],
                    "num_newer_versions": 10,
                    "with_state": "ARCHIVED"
                  }
                ]
              }
            ],
            "location": "EUROPE-WEST1",
            "logging": [],
            "name": "storage-bucket-986808",
            "predefined_acl": null,
            "project": "infra-986808",
            "requester_pays": false,
            "retention_policy": [],
            "self_link": "https://www.googleapis.com/storage/v1/b/storage-bucket-986808",
            "storage_class": "REGIONAL",
            "url": "gs://storage-bucket-986808",
            "versioning": [
              {
                "enabled": true
              }
            ],
            "website": []
          },
          "private": "bnVsbA=="
        }
      ]
    },
    {
      "module": "module.storage-bucket",
      "mode": "managed",
      "type": "google_storage_bucket_acl",
      "name": "default",
      "each": "list",
      "provider": "provider.google",
      "instances": [
        {
          "index_key": 0,
          "schema_version": 0,
          "attributes": {
            "bucket": "storage-bucket-986808",
            "default_acl": "projectPrivate",
            "id": "storage-bucket-986808-acl",
            "predefined_acl": null,
            "role_entity": []
          },
          "private": "bnVsbA==",
          "dependencies": [
            "module.storage-bucket.google_storage_bucket.default"
          ]
        }
      ]
    }
  ]
}
