{
  "version": 4,
  "terraform_version": "0.12.19",
  "serial": 69,
  "lineage": "cfa3bc17-75eb-ee9f-1bb4-53fe950feb4e",
  "outputs": {},
  "resources": [
    {
      "module": "module.app",
      "mode": "data",
      "type": "template_file",
      "name": "puma-service-conf",
      "provider": "provider.template",
      "instances": [
        {
          "schema_version": 0,
          "attributes": {
            "filename": null,
            "id": "d807301f1f53ed3c0aef7980393538f8d369241795227213de544b8afa2ef3fb",
            "rendered": "/9868-08_infra/terraform/modules/app/files/puma.service.tpl",
            "template": "/9868-08_infra/terraform/modules/app/files/puma.service.tpl",
            "vars": null
          }
        }
      ]
    },
    {
      "module": "module.app",
      "mode": "managed",
      "type": "google_compute_address",
      "name": "app_ip",
      "provider": "provider.google",
      "instances": [
        {
          "schema_version": 0,
          "attributes": {
            "address": "34.77.111.126",
            "address_type": "EXTERNAL",
            "creation_timestamp": "2020-01-27T21:50:58.027-08:00",
            "description": "",
            "id": "infra-986808/europe-west1/reddit-app-ip",
            "name": "reddit-app-ip",
            "network_tier": "PREMIUM",
            "project": "infra-986808",
            "purpose": "",
            "region": "europe-west1",
            "self_link": "https://www.googleapis.com/compute/v1/projects/infra-986808/regions/europe-west1/addresses/reddit-app-ip",
            "subnetwork": "",
            "timeouts": null,
            "users": []
          },
          "private": "eyJlMmJmYjczMC1lY2FhLTExZTYtOGY4OC0zNDM2M2JjN2M0YzAiOnsiY3JlYXRlIjoyNDAwMDAwMDAwMDAsImRlbGV0ZSI6MjQwMDAwMDAwMDAwfX0="
        }
      ]
    },
    {
      "module": "module.vpc",
      "mode": "managed",
      "type": "google_compute_firewall",
      "name": "firewall_ssh",
      "provider": "provider.google",
      "instances": [
        {
          "schema_version": 1,
          "attributes": {
            "allow": [
              {
                "ports": [
                  "22"
                ],
                "protocol": "tcp"
              }
            ],
            "creation_timestamp": "2020-01-27T21:50:58.001-08:00",
            "deny": [],
            "description": "Allow SSH from anywhere (added from Terraform)",
            "destination_ranges": [],
            "direction": "INGRESS",
            "disabled": false,
            "id": "default-allow-ssh",
            "name": "default-allow-ssh",
            "network": "https://www.googleapis.com/compute/v1/projects/infra-986808/global/networks/default",
            "priority": 1000,
            "project": "infra-986808",
            "self_link": "https://www.googleapis.com/compute/v1/projects/infra-986808/global/firewalls/default-allow-ssh",
            "source_ranges": [
              "0.0.0.0/0"
            ],
            "source_service_accounts": [],
            "source_tags": [],
            "target_service_accounts": [],
            "target_tags": [],
            "timeouts": null
          },
          "private": "eyJlMmJmYjczMC1lY2FhLTExZTYtOGY4OC0zNDM2M2JjN2M0YzAiOnsiY3JlYXRlIjoyNDAwMDAwMDAwMDAsImRlbGV0ZSI6MjQwMDAwMDAwMDAwLCJ1cGRhdGUiOjI0MDAwMDAwMDAwMH0sInNjaGVtYV92ZXJzaW9uIjoiMSJ9"
        }
      ]
    },
    {
      "module": "module.storage-bucket",
      "mode": "managed",
      "type": "google_storage_bucket",
      "name": "default",
      "each": "list",
      "provider": "provider.google",
      "instances": []
    },
    {
      "module": "module.storage-bucket",
      "mode": "managed",
      "type": "google_storage_bucket_acl",
      "name": "default",
      "each": "list",
      "provider": "provider.google",
      "instances": [
        {
          "index_key": 0,
          "schema_version": 0,
          "attributes": {
            "bucket": "storage-bucket-986808",
            "default_acl": "projectPrivate",
            "id": "storage-bucket-986808-acl",
            "predefined_acl": null,
            "role_entity": []
          }
        }
      ]
    },
    {
      "module": "module.app",
      "mode": "managed",
      "type": "null_resource",
      "name": "app",
      "each": "list",
      "provider": "provider.null",
      "instances": [
        {
          "index_key": 0,
          "status": "tainted",
          "schema_version": 0,
          "attributes": {
            "id": "4857010511564754238",
            "triggers": null
          }
        },
        {
          "index_key": 1,
          "status": "tainted",
          "schema_version": 0,
          "attributes": {
            "id": "7486599625454762504",
            "triggers": null
          }
        },
        {
          "index_key": 2,
          "status": "tainted",
          "schema_version": 0,
          "attributes": {
            "id": "2283926918376399525",
            "triggers": null
          }
        }
      ]
    },
    {
      "module": "module.db",
      "mode": "managed",
      "type": "null_resource",
      "name": "db",
      "each": "list",
      "provider": "provider.null",
      "instances": [
        {
          "index_key": 0,
          "status": "tainted",
          "schema_version": 0,
          "attributes": {
            "id": "2584872020151339562",
            "triggers": null
          }
        },
        {
          "index_key": 1,
          "status": "tainted",
          "schema_version": 0,
          "attributes": {
            "id": "5376889725986404291",
            "triggers": null
          }
        },
        {
          "index_key": 2,
          "status": "tainted",
          "schema_version": 0,
          "attributes": {
            "id": "6434299288410364111",
            "triggers": null
          }
        }
      ]
    }
  ]
}
